
Microsoft Visual Studio Solution File, Format Version 12.00
# Visual Studio Version 16
VisualStudioVersion = 16.0.29306.81
MinimumVisualStudioVersion = 10.0.40219.1
Project("{FAE04EC0-301F-11D3-BF4B-00C04F79EFBC}") = "CoolDS", "CoolDS\CoolDS.csproj", "{AE20E4D4-08D0-4153-B430-52607F79C4ED}"
EndProject
Project("{FAE04EC0-301F-11D3-BF4B-00C04F79EFBC}") = "CoolDS.UnitTest", "CoolDS.UnitTest\CoolDS.UnitTest.csproj", "{39545213-05B8-4CCE-9DB0-AD84428F766B}"
EndProject
Global
	GlobalSection(SolutionConfigurationPlatforms) = preSolution
		Debug|Any CPU = Debug|Any CPU
		Release|Any CPU = Release|Any CPU
	EndGlobalSection
	GlobalSection(ProjectConfigurationPlatforms) = postSolution
		{AE20E4D4-08D0-4153-B430-52607F79C4ED}.Debug|Any CPU.ActiveCfg = Debug|Any CPU
		{AE20E4D4-08D0-4153-B430-52607F79C4ED}.Debug|Any CPU.Build.0 = Debug|Any CPU
		{AE20E4D4-08D0-4153-B430-52607F79C4ED}.Release|Any CPU.ActiveCfg = Release|Any CPU
		{AE20E4D4-08D0-4153-B430-52607F79C4ED}.Release|Any CPU.Build.0 = Release|Any CPU
		{39545213-05B8-4CCE-9DB0-AD84428F766B}.Debug|Any CPU.ActiveCfg = Debug|Any CPU
		{39545213-05B8-4CCE-9DB0-AD84428F766B}.Debug|Any CPU.Build.0 = Debug|Any CPU
		{39545213-05B8-4CCE-9DB0-AD84428F766B}.Release|Any CPU.ActiveCfg = Release|Any CPU
		{39545213-05B8-4CCE-9DB0-AD84428F766B}.Release|Any CPU.Build.0 = Release|Any CPU
	EndGlobalSection
	GlobalSection(SolutionProperties) = preSolution
		HideSolutionNode = FALSE
	EndGlobalSection
	GlobalSection(ExtensibilityGlobals) = postSolution
		SolutionGuid = {2A70CDAF-14FE-4BA5-8881-F7950DEFC649}
	EndGlobalSection
EndGlobal
